
Microsoft Visual Studio Solution File, Format Version 12.00
# Visual Studio Version 17
VisualStudioVersion = 17.10.34916.146
MinimumVisualStudioVersion = 10.0.40219.1
Project("{FAE04EC0-301F-11D3-BF4B-00C04F79EFBC}") = "TallerApuntesSebastianLargo", "TallerApuntesSebastianLargo\TallerApuntesSebastianLargo.csproj", "{F3F52A08-1B1F-4181-BD4D-88DC9FBD61D9}"
EndProject
Global
	GlobalSection(SolutionConfigurationPlatforms) = preSolution
		Debug|Any CPU = Debug|Any CPU
		Release|Any CPU = Release|Any CPU
	EndGlobalSection
	GlobalSection(ProjectConfigurationPlatforms) = postSolution
		{F3F52A08-1B1F-4181-BD4D-88DC9FBD61D9}.Debug|Any CPU.ActiveCfg = Debug|Any CPU
		{F3F52A08-1B1F-4181-BD4D-88DC9FBD61D9}.Debug|Any CPU.Build.0 = Debug|Any CPU
		{F3F52A08-1B1F-4181-BD4D-88DC9FBD61D9}.Debug|Any CPU.Deploy.0 = Debug|Any CPU
		{F3F52A08-1B1F-4181-BD4D-88DC9FBD61D9}.Release|Any CPU.ActiveCfg = Release|Any CPU
		{F3F52A08-1B1F-4181-BD4D-88DC9FBD61D9}.Release|Any CPU.Build.0 = Release|Any CPU
		{F3F52A08-1B1F-4181-BD4D-88DC9FBD61D9}.Release|Any CPU.Deploy.0 = Release|Any CPU
	EndGlobalSection
	GlobalSection(SolutionProperties) = preSolution
		HideSolutionNode = FALSE
	EndGlobalSection
	GlobalSection(ExtensibilityGlobals) = postSolution
		SolutionGuid = {F72401E6-84BF-49A9-8648-F096A6F23894}
	EndGlobalSection
EndGlobal
